<?xml version="1.0" encoding="utf-8"?>
<Project ToolsVersion="4.0" xmlns="http://schemas.microsoft.com/developer/msbuild/2003">
  <ItemGroup>
    <ClCompile Include="sptlib\Hooks.cpp">
      <Filter>SPTLib</Filter>
    </ClCompile>
    <ClCompile Include="sptlib\IHookableModule.cpp">
      <Filter>SPTLib</Filter>
    </ClCompile>
    <ClCompile Include="sptlib\IHookableNameFilter.cpp">
      <Filter>SPTLib</Filter>
    </ClCompile>
    <ClCompile Include="sptlib\memutils.cpp">
      <Filter>SPTLib</Filter>
    </ClCompile>
    <ClCompile Include="sptlib\sptlib.cpp">
      <Filter>SPTLib</Filter>
    </ClCompile>
    <ClCompile Include="sptlib\sptlib-stdafx.cpp">
      <Filter>SPTLib</Filter>
    </ClCompile>
    <ClCompile Include="spt\sptlib-wrapper.cpp">
      <Filter>spt</Filter>
    </ClCompile>
    <ClCompile Include="SPTLib\IHookableDirFilter.cpp">
      <Filter>SPTLib</Filter>
    </ClCompile>
    <ClCompile Include="SPTLib\Windows\DetoursUtils.cpp">
      <Filter>SPTLib\Windows</Filter>
    </ClCompile>
    <ClCompile Include="SPTLib\Windows\Hooks_win.cpp">
      <Filter>SPTLib\Windows</Filter>
    </ClCompile>
    <ClCompile Include="SPTLib\Windows\MemUtils_win.cpp">
      <Filter>SPTLib\Windows</Filter>
    </ClCompile>
    <ClCompile Include="SPTLib\IHookableNameFilterOrdered.cpp">
      <Filter>SPTLib</Filter>
    </ClCompile>
    <ClCompile Include="spt\ipc\ipc.cpp">
      <Filter>spt\ipc</Filter>
    </ClCompile>
    <ClCompile Include="thirdparty\md5.cpp">
      <Filter>thirdparty</Filter>
    </ClCompile>
    <ClCompile Include="spt\feature.cpp">
      <Filter>spt</Filter>
    </ClCompile>
    <ClCompile Include="spt\features\isg.cpp">
      <Filter>spt\features</Filter>
    </ClCompile>
    <ClCompile Include="spt\features\shadow.cpp">
      <Filter>spt\features</Filter>
    </ClCompile>
    <ClCompile Include="spt\features\tas.cpp">
      <Filter>spt\features</Filter>
    </ClCompile>
    <ClCompile Include="spt\features\playerio.cpp">
      <Filter>spt\features</Filter>
    </ClCompile>
    <ClCompile Include="spt\features\generic.cpp">
      <Filter>spt\features</Filter>
    </ClCompile>
    <ClCompile Include="spt\features\afterframes.cpp">
      <Filter>spt\features</Filter>
    </ClCompile>
    <ClCompile Include="spt\features\pause.cpp">
      <Filter>spt\features</Filter>
    </ClCompile>
    <ClCompile Include="spt\features\autojump.cpp">
      <Filter>spt\features</Filter>
    </ClCompile>
    <ClCompile Include="spt\features\hud.cpp">
      <Filter>spt\features</Filter>
    </ClCompile>
    <ClCompile Include="spt\features\taspause.cpp">
      <Filter>spt\features</Filter>
    </ClCompile>
    <ClCompile Include="spt\features\tickrate.cpp">
      <Filter>spt\features</Filter>
    </ClCompile>
    <ClCompile Include="spt\features\dmomm.cpp">
      <Filter>spt\features</Filter>
    </ClCompile>
    <ClCompile Include="spt\features\overlay.cpp">
      <Filter>spt\features</Filter>
    </ClCompile>
    <ClCompile Include="spt\features\demo.cpp">
      <Filter>spt\features</Filter>
    </ClCompile>
    <ClCompile Include="spt\features\fov.cpp">
      <Filter>spt\features</Filter>
    </ClCompile>
    <ClCompile Include="spt\features\tracing.cpp">
      <Filter>spt\features</Filter>
    </ClCompile>
    <ClCompile Include="spt\features\taslogging.cpp">
      <Filter>spt\features</Filter>
    </ClCompile>
    <ClCompile Include="spt\features\stucksave.cpp">
      <Filter>spt\features</Filter>
    </ClCompile>
    <ClCompile Include="spt\features\timer.cpp">
      <Filter>spt\features</Filter>
    </ClCompile>
    <ClCompile Include="spt\features\ent_props.cpp">
      <Filter>spt\features</Filter>
    </ClCompile>
    <ClCompile Include="spt\features\collision_group.cpp">
      <Filter>spt\features</Filter>
    </ClCompile>
    <ClCompile Include="spt\features\cvar.cpp">
      <Filter>spt\features</Filter>
    </ClCompile>
    <ClCompile Include="spt\utils\ent_utils.cpp">
      <Filter>spt\utils</Filter>
    </ClCompile>
    <ClCompile Include="spt\utils\file.cpp">
      <Filter>spt\utils</Filter>
    </ClCompile>
    <ClCompile Include="spt\utils\game_detection.cpp">
      <Filter>spt\utils</Filter>
    </ClCompile>
    <ClCompile Include="spt\utils\math.cpp">
      <Filter>spt\utils</Filter>
    </ClCompile>
    <ClCompile Include="spt\utils\string_utils.cpp">
      <Filter>spt\utils</Filter>
    </ClCompile>
    <ClCompile Include="spt\spt-serverplugin.cpp">
      <Filter>spt</Filter>
    </ClCompile>
    <ClCompile Include="spt\scripts\condition.cpp">
      <Filter>spt\scripts</Filter>
    </ClCompile>
    <ClCompile Include="spt\scripts\framebulk_handler.cpp">
      <Filter>spt\scripts</Filter>
    </ClCompile>
    <ClCompile Include="spt\scripts\parsed_script.cpp">
      <Filter>spt\scripts</Filter>
    </ClCompile>
    <ClCompile Include="spt\scripts\srctas_reader.cpp">
      <Filter>spt\scripts</Filter>
    </ClCompile>
    <ClCompile Include="spt\scripts\tester.cpp">
      <Filter>spt\scripts</Filter>
    </ClCompile>
    <ClCompile Include="spt\scripts\test_item.cpp">
      <Filter>spt\scripts</Filter>
    </ClCompile>
    <ClCompile Include="spt\scripts\tracker.cpp">
      <Filter>spt\scripts</Filter>
    </ClCompile>
    <ClCompile Include="spt\scripts\variable_container.cpp">
      <Filter>spt\scripts</Filter>
    </ClCompile>
    <ClCompile Include="spt\strafe\strafestuff.cpp">
      <Filter>spt\strafe</Filter>
    </ClCompile>
    <ClCompile Include="spt\aim\aimstuff.cpp">
      <Filter>spt\aim</Filter>
    </ClCompile>
    <ClCompile Include="spt\utils\signals.cpp">
      <Filter>spt\utils</Filter>
    </ClCompile>
    <ClCompile Include="spt\features\test.cpp">
      <Filter>spt\features</Filter>
    </ClCompile>
    <ClCompile Include="spt\features\ipc-spt.cpp">
      <Filter>spt\features</Filter>
    </ClCompile>
    <ClCompile Include="spt\features\aim.cpp">
      <Filter>spt\features</Filter>
    </ClCompile>
    <ClCompile Include="spt\vgui\vgui_utils.cpp">
      <Filter>spt\vgui</Filter>
    </ClCompile>
    <ClCompile Include="spt\cvars.cpp">
      <Filter>spt</Filter>
    </ClCompile>
    <ClCompile Include="spt\features\hops_hud.cpp">
      <Filter>spt\features</Filter>
    </ClCompile>
    <ClCompile Include="spt\utils\datamap_wrapper.cpp">
      <Filter>spt\utils</Filter>
    </ClCompile>
    <ClCompile Include="spt\features\ihud.cpp">
      <Filter>spt\features</Filter>
    </ClCompile>
    <ClCompile Include="spt\utils\datamap_wrapper.cpp">
      <Filter>spt\utils</Filter>
    </ClCompile>
    <ClCompile Include="spt\features\restart.cpp">
      <Filter>spt\features</Filter>
    </ClCompile>
    <ClCompile Include="spt\features\vag_searcher.cpp">
      <Filter>spt\features</Filter>
    </ClCompile>
    <ClCompile Include="spt\features\camera.cpp">
      <Filter>spt\features</Filter>
    </ClCompile>
    <ClCompile Include="spt\features\boog.cpp">
      <Filter>spt\features</Filter>
    </ClCompile>
    <ClCompile Include="spt\scripts2\condition2.cpp">
      <Filter>spt\scripts2</Filter>
    </ClCompile>
    <ClCompile Include="spt\scripts2\framebulk_handler2.cpp">
      <Filter>spt\scripts2</Filter>
    </ClCompile>
    <ClCompile Include="spt\scripts2\parsed_script2.cpp">
      <Filter>spt\scripts2</Filter>
    </ClCompile>
    <ClCompile Include="spt\scripts2\srctas_reader2.cpp">
      <Filter>spt\scripts2</Filter>
    </ClCompile>
    <ClCompile Include="spt\scripts2\test_item2.cpp">
      <Filter>spt\scripts2</Filter>
    </ClCompile>
    <ClCompile Include="spt\scripts2\tester2.cpp">
      <Filter>spt\scripts2</Filter>
    </ClCompile>
    <ClCompile Include="spt\scripts2\tracker2.cpp">
      <Filter>spt\scripts2</Filter>
    </ClCompile>
    <ClCompile Include="spt\scripts2\variable_container2.cpp">
      <Filter>spt\scripts2</Filter>
    </ClCompile>
    <ClCompile Include="spt\features\tas_new.cpp">
      <Filter>spt\features</Filter>
    </ClCompile>
    <ClCompile Include="spt\features\tas_new_record.cpp">
      <Filter>spt\features</Filter>
    </ClCompile>
    <ClCompile Include="spt\features\autocomplete.cpp">
      <Filter>spt\features</Filter>
    </ClCompile>
    <ClCompile Include="spt\features\leafvis.cpp">
      <Filter>spt\features</Filter>
    </ClCompile>
    <ClCompile Include="spt\features\visualizations\draw_seams.cpp">
      <Filter>spt\features\visualizations</Filter>
    </ClCompile>
    <ClCompile Include="spt\features\visualizations\mesh_test.cpp">
      <Filter>spt\features\visualizations</Filter>
    </ClCompile>
    <ClCompile Include="spt\features\visualizations\sg-collide-vis.cpp">
      <Filter>spt\features\visualizations</Filter>
    </ClCompile>
    <ClCompile Include="spt\features\visualizations\vag_trace.cpp">
      <Filter>spt\features\visualizations</Filter>
    </ClCompile>
    <ClCompile Include="spt\utils\portal_utils.cpp">
      <Filter>spt\utils</Filter>
    </ClCompile>
    <ClCompile Include="spt\features\property_getter.cpp">
      <Filter>spt\features</Filter>
    </ClCompile>
    <ClCompile Include="spt\features\visualizations\portal_placement.cpp">
      <Filter>spt\features\visualizations</Filter>
    </ClCompile>
    <ClCompile Include="spt\features\afterticks.cpp">
      <Filter>spt\features</Filter>
    </ClCompile>
    <ClCompile Include="spt\features\saveloads.cpp">
      <Filter>spt\features</Filter>
    </ClCompile>
    <ClCompile Include="spt\features\updater.cpp">
      <Filter>spt\features</Filter>
    </ClCompile>
    <ClCompile Include="spt\utils\stdafx.cpp">
      <Filter>spt\utils</Filter>
    </ClCompile>
    <ClCompile Include="spt\features\movement_vars.cpp">
      <Filter>spt\features</Filter>
    </ClCompile>
    <ClCompile Include="spt\features\visualizations\renderer\internal\create_collide.cpp">
      <Filter>spt\features\visualizations\renderer\internal</Filter>
    </ClCompile>
    <ClCompile Include="spt\features\visualizations\renderer\internal\materials_manager.cpp">
      <Filter>spt\features\visualizations\renderer\internal</Filter>
    </ClCompile>
    <ClCompile Include="spt\features\visualizations\renderer\internal\mesh_builder.cpp">
      <Filter>spt\features\visualizations\renderer\internal</Filter>
    </ClCompile>
    <ClCompile Include="spt\features\visualizations\renderer\internal\mesh_construction.cpp">
      <Filter>spt\features\visualizations\renderer\internal</Filter>
    </ClCompile>
    <ClCompile Include="spt\features\visualizations\renderer\internal\mesh_renderer.cpp">
      <Filter>spt\features\visualizations\renderer\internal</Filter>
    </ClCompile>
    <ClCompile Include="spt\features\visualizations\renderer\internal\static_mesh.cpp">
      <Filter>spt\features\visualizations\renderer\internal</Filter>
    </ClCompile>
    <ClCompile Include="spt\utils\convar.cpp">
      <Filter>spt\utils</Filter>
    </ClCompile>
    <ClCompile Include="thirdparty\x86.c">
      <Filter>thirdparty</Filter>
    </ClCompile>
    <ClCompile Include="spt\features\visualizations\draw_ent_collides.cpp">
      <Filter>spt\features\visualizations</Filter>
    </ClCompile>
    <ClCompile Include="spt\features\visualizations\draw_world_collides.cpp">
      <Filter>spt\features\visualizations</Filter>
    </ClCompile>
    <ClCompile Include="spt\features\visualizations\map_overlay.cpp">
      <Filter>spt\features\visualizations</Filter>
    </ClCompile>
    <ClCompile Include="spt\features\game_fixes\bms_flashlight_fix.cpp">
      <Filter>spt\features\game_fixes</Filter>
    </ClCompile>
    <ClCompile Include="spt\features\game_fixes\fastload.cpp">
      <Filter>spt\features\game_fixes</Filter>
    </ClCompile>
    <ClCompile Include="spt\features\game_fixes\free_oob.cpp">
      <Filter>spt\features\game_fixes</Filter>
    </ClCompile>
    <ClCompile Include="spt\features\game_fixes\hardlock.cpp">
      <Filter>spt\features\game_fixes</Filter>
    </ClCompile>
    <ClCompile Include="spt\features\game_fixes\multi_instance.cpp">
      <Filter>spt\features\game_fixes</Filter>
    </ClCompile>
    <ClCompile Include="spt\features\game_fixes\noclip_fixes.cpp">
      <Filter>spt\features\game_fixes</Filter>
    </ClCompile>
    <ClCompile Include="spt\features\game_fixes\nosleep.cpp">
      <Filter>spt\features\game_fixes</Filter>
    </ClCompile>
    <ClCompile Include="spt\features\game_fixes\portal_nogroundsnap.cpp">
      <Filter>spt\features\game_fixes</Filter>
    </ClCompile>
    <ClCompile Include="spt\features\game_fixes\rng.cpp">
      <Filter>spt\features\game_fixes</Filter>
    </ClCompile>
    <ClCompile Include="spt\features\game_fixes\vag_crash.cpp">
      <Filter>spt\features\game_fixes</Filter>
    </ClCompile>
    <ClCompile Include="spt\features\game_fixes\visual_fixes.cpp">
      <Filter>spt\features\game_fixes</Filter>
    </ClCompile>
    <ClCompile Include="spt\features\game_fixes\snapshot_overflow.cpp">
      <Filter>spt\features\game_fixes</Filter>
    </ClCompile>
    <ClCompile Include="spt\features\portalled_pause.cpp">
      <Filter>spt\features</Filter>
    </ClCompile>
    <ClCompile Include="spt\features\con_notify.cpp">
      <Filter>spt\features</Filter>
    </ClCompile>
    <ClCompile Include="spt\features\visualizations\oob_ents.cpp">
      <Filter>spt\features\visualizations</Filter>
    </ClCompile>
  </ItemGroup>
  <ItemGroup>
    <ClInclude Include="..\..\public\tier0\basetypes.h">
      <Filter>SDK includes &amp; libs</Filter>
    </ClInclude>
    <ClInclude Include="..\..\public\Color.h">
      <Filter>SDK includes &amp; libs</Filter>
    </ClInclude>
    <ClInclude Include="..\..\public\tier0\dbg.h">
      <Filter>SDK includes &amp; libs</Filter>
    </ClInclude>
    <ClInclude Include="..\..\public\eiface.h">
      <Filter>SDK includes &amp; libs</Filter>
    </ClInclude>
    <ClInclude Include="..\..\public\filesystem.h">
      <Filter>SDK includes &amp; libs</Filter>
    </ClInclude>
    <ClInclude Include="..\..\public\vstdlib\ICommandLine.h">
      <Filter>SDK includes &amp; libs</Filter>
    </ClInclude>
    <ClInclude Include="..\..\public\igameevents.h">
      <Filter>SDK includes &amp; libs</Filter>
    </ClInclude>
    <ClInclude Include="..\..\public\tier1\interface.h">
      <Filter>SDK includes &amp; libs</Filter>
    </ClInclude>
    <ClInclude Include="..\..\public\game\server\iplayerinfo.h">
      <Filter>SDK includes &amp; libs</Filter>
    </ClInclude>
    <ClInclude Include="..\..\public\engine\iserverplugin.h">
      <Filter>SDK includes &amp; libs</Filter>
    </ClInclude>
    <ClInclude Include="..\..\public\tier1\KeyValues.h">
      <Filter>SDK includes &amp; libs</Filter>
    </ClInclude>
    <ClInclude Include="..\..\public\tier0\mem.h">
      <Filter>SDK includes &amp; libs</Filter>
    </ClInclude>
    <ClInclude Include="..\..\public\tier0\memalloc.h">
      <Filter>SDK includes &amp; libs</Filter>
    </ClInclude>
    <ClInclude Include="..\..\public\tier0\memdbgon.h">
      <Filter>SDK includes &amp; libs</Filter>
    </ClInclude>
    <ClInclude Include="..\..\public\vstdlib\strtools.h">
      <Filter>SDK includes &amp; libs</Filter>
    </ClInclude>
    <ClInclude Include="..\..\public\tier1\utlbuffer.h">
      <Filter>SDK includes &amp; libs</Filter>
    </ClInclude>
    <ClInclude Include="..\..\public\tier1\utlmemory.h">
      <Filter>SDK includes &amp; libs</Filter>
    </ClInclude>
    <ClInclude Include="..\..\public\tier1\utlvector.h">
      <Filter>SDK includes &amp; libs</Filter>
    </ClInclude>
    <ClInclude Include="..\..\public\vstdlib\vstdlib.h">
      <Filter>SDK includes &amp; libs</Filter>
    </ClInclude>
    <ClInclude Include="SDK\igamemovement.h">
      <Filter>SDK</Filter>
    </ClInclude>
    <ClInclude Include="SDK\imovehelper.h">
      <Filter>SDK</Filter>
    </ClInclude>
    <ClInclude Include="SDK\hl_movedata.h">
      <Filter>SDK</Filter>
    </ClInclude>
    <ClInclude Include="sptlib\Hooks.hpp">
      <Filter>SPTLib</Filter>
    </ClInclude>
    <ClInclude Include="sptlib\IHookableModule.hpp">
      <Filter>SPTLib</Filter>
    </ClInclude>
    <ClInclude Include="sptlib\IHookableNameFilter.hpp">
      <Filter>SPTLib</Filter>
    </ClInclude>
    <ClInclude Include="sptlib\memutils.hpp">
      <Filter>SPTLib</Filter>
    </ClInclude>
    <ClInclude Include="sptlib\sptlib.hpp">
      <Filter>SPTLib</Filter>
    </ClInclude>
    <ClInclude Include="sptlib\sptlib-stdafx.hpp">
      <Filter>SPTLib</Filter>
    </ClInclude>
    <ClInclude Include="spt\sptlib-wrapper.hpp">
      <Filter>spt</Filter>
    </ClInclude>
    <ClInclude Include="SPTLib\IHookableDirFilter.hpp">
      <Filter>SPTLib</Filter>
    </ClInclude>
    <ClInclude Include="SPTLib\Windows\DetoursUtils.hpp">
      <Filter>SPTLib\Windows</Filter>
    </ClInclude>
    <ClInclude Include="SPTLib\IHookableNameFilterOrdered.hpp">
      <Filter>SPTLib</Filter>
    </ClInclude>
    <ClInclude Include="SPTLib\patterns.hpp">
      <Filter>SPTLib</Filter>
    </ClInclude>
    <ClInclude Include="SPTLib\patterns_macros.hpp">
      <Filter>SPTLib</Filter>
    </ClInclude>
    <ClInclude Include="spt\ipc\ipc.hpp">
      <Filter>spt\ipc</Filter>
    </ClInclude>
    <ClInclude Include="thirdparty\Delegate.h">
      <Filter>thirdparty</Filter>
    </ClInclude>
    <ClInclude Include="thirdparty\json.hpp">
      <Filter>thirdparty</Filter>
    </ClInclude>
    <ClInclude Include="thirdparty\md5.hpp">
      <Filter>thirdparty</Filter>
    </ClInclude>
    <ClInclude Include="thirdparty\Signal.h">
      <Filter>thirdparty</Filter>
    </ClInclude>
    <ClInclude Include="SDK\usercmd.h">
      <Filter>SDK</Filter>
    </ClInclude>
    <ClInclude Include="spt\feature.hpp">
      <Filter>spt</Filter>
    </ClInclude>
    <ClInclude Include="spt\features\shadow.hpp">
      <Filter>spt\features</Filter>
    </ClInclude>
    <ClInclude Include="spt\features\playerio.hpp">
      <Filter>spt\features</Filter>
    </ClInclude>
    <ClInclude Include="spt\features\generic.hpp">
      <Filter>spt\features</Filter>
    </ClInclude>
    <ClInclude Include="spt\features\afterframes.hpp">
      <Filter>spt\features</Filter>
    </ClInclude>
    <ClInclude Include="spt\features\autojump.hpp">
      <Filter>spt\features</Filter>
    </ClInclude>
    <ClInclude Include="spt\features\tickrate.hpp">
      <Filter>spt\features</Filter>
    </ClInclude>
    <ClInclude Include="spt\features\overlay.hpp">
      <Filter>spt\features</Filter>
    </ClInclude>
    <ClInclude Include="spt\features\demo.hpp">
      <Filter>spt\features</Filter>
    </ClInclude>
    <ClInclude Include="spt\features\tracing.hpp">
      <Filter>spt\features</Filter>
    </ClInclude>
    <ClInclude Include="spt\utils\convar.hpp">
      <Filter>spt\utils</Filter>
    </ClInclude>
    <ClInclude Include="spt\utils\custom_interfaces.hpp">
      <Filter>spt\utils</Filter>
    </ClInclude>
    <ClInclude Include="spt\utils\ent_utils.hpp">
      <Filter>spt\utils</Filter>
    </ClInclude>
    <ClInclude Include="spt\utils\file.hpp">
      <Filter>spt\utils</Filter>
    </ClInclude>
    <ClInclude Include="spt\utils\game_detection.hpp">
      <Filter>spt\utils</Filter>
    </ClInclude>
    <ClInclude Include="spt\utils\interfaces.hpp">
      <Filter>spt\utils</Filter>
    </ClInclude>
    <ClInclude Include="spt\utils\math.hpp">
      <Filter>spt\utils</Filter>
    </ClInclude>
    <ClInclude Include="spt\utils\string_utils.hpp">
      <Filter>spt\utils</Filter>
    </ClInclude>
    <ClInclude Include="spt\cvars.hpp">
      <Filter>spt</Filter>
    </ClInclude>
    <ClInclude Include="spt\spt-serverplugin.hpp">
      <Filter>spt</Filter>
    </ClInclude>
    <ClInclude Include="spt\scripts\condition.hpp">
      <Filter>spt\scripts</Filter>
    </ClInclude>
    <ClInclude Include="spt\scripts\framebulk_handler.hpp">
      <Filter>spt\scripts</Filter>
    </ClInclude>
    <ClInclude Include="spt\scripts\parsed_script.hpp">
      <Filter>spt\scripts</Filter>
    </ClInclude>
    <ClInclude Include="spt\scripts\range_variable.hpp">
      <Filter>spt\scripts</Filter>
    </ClInclude>
    <ClInclude Include="spt\scripts\srctas_reader.hpp">
      <Filter>spt\scripts</Filter>
    </ClInclude>
    <ClInclude Include="spt\scripts\tester.hpp">
      <Filter>spt\scripts</Filter>
    </ClInclude>
    <ClInclude Include="spt\scripts\test_item.hpp">
      <Filter>spt\scripts</Filter>
    </ClInclude>
    <ClInclude Include="spt\scripts\tracker.hpp">
      <Filter>spt\scripts</Filter>
    </ClInclude>
    <ClInclude Include="spt\scripts\variable_container.hpp">
      <Filter>spt\scripts</Filter>
    </ClInclude>
    <ClInclude Include="spt\strafe\strafe_utils.hpp">
      <Filter>spt\strafe</Filter>
    </ClInclude>
    <ClInclude Include="spt\strafe\strafestuff.hpp">
      <Filter>spt\strafe</Filter>
    </ClInclude>
    <ClInclude Include="spt\utils\signals.hpp">
      <Filter>spt\utils</Filter>
    </ClInclude>
    <ClInclude Include="spt\features\aim.hpp">
      <Filter>spt\features</Filter>
    </ClInclude>
    <ClInclude Include="spt\aim\aimstuff.hpp">
      <Filter>spt\aim</Filter>
    </ClInclude>
    <ClInclude Include="spt\vgui\vgui_utils.hpp">
      <Filter>spt\vgui</Filter>
    </ClInclude>
    <ClInclude Include="spt\features\tas.hpp">
      <Filter>spt\features</Filter>
    </ClInclude>
    <ClInclude Include="spt\features\hud.hpp">
      <Filter>spt\features</Filter>
    </ClInclude>
    <ClInclude Include="spt\utils\datamap_wrapper.hpp">
      <Filter>spt\utils</Filter>
    </ClInclude>
    <ClInclude Include="spt\utils\datamap_wrapper.hpp">
      <Filter>spt\utils</Filter>
    </ClInclude>
    <ClInclude Include="spt\features\ent_props.hpp">
      <Filter>spt\features</Filter>
    </ClInclude>
    <ClInclude Include="thirdparty\kmp-cpp.hpp">
      <Filter>thirdparty</Filter>
    </ClInclude>
    <ClInclude Include="spt\utils\ivp_maths.hpp">
      <Filter>spt\utils</Filter>
    </ClInclude>
    <ClInclude Include="spt\scripts2\condition2.hpp">
      <Filter>spt\scripts2</Filter>
    </ClInclude>
    <ClInclude Include="spt\scripts2\framebulk_handler2.hpp">
      <Filter>spt\scripts2</Filter>
    </ClInclude>
    <ClInclude Include="spt\scripts2\parsed_script2.hpp">
      <Filter>spt\scripts2</Filter>
    </ClInclude>
    <ClInclude Include="spt\scripts2\range_variable2.hpp">
      <Filter>spt\scripts2</Filter>
    </ClInclude>
    <ClInclude Include="spt\scripts2\srctas_reader2.hpp">
      <Filter>spt\scripts2</Filter>
    </ClInclude>
    <ClInclude Include="spt\scripts2\test_item2.hpp">
      <Filter>spt\scripts2</Filter>
    </ClInclude>
    <ClInclude Include="spt\scripts2\tester2.hpp">
      <Filter>spt\scripts2</Filter>
    </ClInclude>
    <ClInclude Include="spt\scripts2\tracker2.hpp">
      <Filter>spt\scripts2</Filter>
    </ClInclude>
    <ClInclude Include="spt\scripts2\variable_container2.hpp">
      <Filter>spt\scripts2</Filter>
    </ClInclude>
    <ClInclude Include="spt\utils\typeinfo.h">
      <Filter>spt\utils</Filter>
    </ClInclude>
    <ClInclude Include="spt\utils\portal_utils.hpp">
      <Filter>spt\utils</Filter>
    </ClInclude>
    <ClInclude Include="spt\features\property_getter.hpp">
      <Filter>spt\features</Filter>
    </ClInclude>
    <ClInclude Include="spt\features\afterticks.hpp">
      <Filter>spt\features</Filter>
    </ClInclude>
    <ClInclude Include="thirdparty\curl\include\curl\curl.h">
      <Filter>thirdparty\curl\include\curl</Filter>
    </ClInclude>
    <ClInclude Include="thirdparty\curl\include\curl\curlver.h">
      <Filter>thirdparty\curl\include\curl</Filter>
    </ClInclude>
    <ClInclude Include="thirdparty\curl\include\curl\easy.h">
      <Filter>thirdparty\curl\include\curl</Filter>
    </ClInclude>
    <ClInclude Include="thirdparty\curl\include\curl\mprintf.h">
      <Filter>thirdparty\curl\include\curl</Filter>
    </ClInclude>
    <ClInclude Include="thirdparty\curl\include\curl\multi.h">
      <Filter>thirdparty\curl\include\curl</Filter>
    </ClInclude>
    <ClInclude Include="thirdparty\curl\include\curl\options.h">
      <Filter>thirdparty\curl\include\curl</Filter>
    </ClInclude>
    <ClInclude Include="thirdparty\curl\include\curl\stdcheaders.h">
      <Filter>thirdparty\curl\include\curl</Filter>
    </ClInclude>
    <ClInclude Include="thirdparty\curl\include\curl\system.h">
      <Filter>thirdparty\curl\include\curl</Filter>
    </ClInclude>
    <ClInclude Include="thirdparty\curl\include\curl\typecheck-gcc.h">
      <Filter>thirdparty\curl\include\curl</Filter>
    </ClInclude>
    <ClInclude Include="thirdparty\curl\include\curl\urlapi.h">
      <Filter>thirdparty\curl\include\curl</Filter>
    </ClInclude>
    <ClInclude Include="spt\utils\stdafx.hpp">
      <Filter>spt\utils</Filter>
    </ClInclude>
    <ClInclude Include="spt\features\visualizations\renderer\internal\internal_defs.hpp">
      <Filter>spt\features\visualizations\renderer\internal</Filter>
    </ClInclude>
    <ClInclude Include="spt\features\visualizations\renderer\internal\materials_manager.hpp">
      <Filter>spt\features\visualizations\renderer\internal</Filter>
    </ClInclude>
    <ClInclude Include="spt\features\visualizations\renderer\internal\mesh_builder_internal.hpp">
      <Filter>spt\features\visualizations\renderer\internal</Filter>
    </ClInclude>
    <ClInclude Include="spt\features\visualizations\renderer\internal\mesh_renderer_internal.hpp">
      <Filter>spt\features\visualizations\renderer\internal</Filter>
    </ClInclude>
    <ClInclude Include="spt\features\visualizations\renderer\internal\ref_mgr.hpp">
      <Filter>spt\features\visualizations\renderer\internal</Filter>
    </ClInclude>
    <ClInclude Include="spt\features\visualizations\renderer\internal\vector_slice.hpp">
      <Filter>spt\features\visualizations\renderer\internal</Filter>
    </ClInclude>
    <ClInclude Include="spt\features\visualizations\renderer\create_collide.hpp">
      <Filter>spt\features\visualizations\renderer</Filter>
    </ClInclude>
    <ClInclude Include="spt\features\visualizations\renderer\mesh_builder.hpp">
      <Filter>spt\features\visualizations\renderer</Filter>
    </ClInclude>
    <ClInclude Include="spt\features\visualizations\renderer\mesh_defs.hpp">
      <Filter>spt\features\visualizations\renderer</Filter>
    </ClInclude>
    <ClInclude Include="spt\features\visualizations\renderer\mesh_renderer.hpp">
      <Filter>spt\features\visualizations\renderer</Filter>
    </ClInclude>
    <ClInclude Include="thirdparty\x86.h">
      <Filter>thirdparty</Filter>
    </ClInclude>
    <ClInclude Include="spt\features\cvar.hpp">
      <Filter>spt\features</Filter>
    </ClInclude>
    <ClInclude Include="SDK\cmodel_private.h">
      <Filter>SDK</Filter>
    </ClInclude>
    <ClInclude Include="SDK\dispcoll_common.h">
      <Filter>SDK</Filter>
    </ClInclude>
    <ClInclude Include="SDK\zone.h">
      <Filter>SDK</Filter>
    </ClInclude>
    <ClInclude Include="spt\features\game_fixes\rng.hpp">
      <Filter>spt\features\game_fixes</Filter>
    </ClInclude>
    <ClInclude Include="patterns_archive.hpp">
      <Filter>spt</Filter>
    </ClInclude>
  </ItemGroup>
  <ItemGroup>
    <Library Include="..\..\lib\public\mathlib.lib">
      <Filter>SDK includes &amp; libs</Filter>
    </Library>
    <Library Include="..\..\lib\public\tier0.lib">
      <Filter>SDK includes &amp; libs</Filter>
    </Library>
    <Library Include="..\..\lib\public\tier1.lib">
      <Filter>SDK includes &amp; libs</Filter>
    </Library>
  </ItemGroup>
  <ItemGroup>
    <Filter Include="SDK includes &amp; libs">
      <UniqueIdentifier>{eade2e26-4b70-429d-ac6b-01135e887da7}</UniqueIdentifier>
    </Filter>
    <Filter Include="spt">
      <UniqueIdentifier>{42277bb4-807d-445f-8dc9-abaf03016da9}</UniqueIdentifier>
    </Filter>
    <Filter Include="SDK">
      <UniqueIdentifier>{78e5a6c2-53a8-40e3-be19-b7e7bc33f3c9}</UniqueIdentifier>
    </Filter>
    <Filter Include="SPTLib">
      <UniqueIdentifier>{62068487-8a42-452a-b559-e0253a231434}</UniqueIdentifier>
    </Filter>
    <Filter Include="spt\utils">
      <UniqueIdentifier>{33715ce3-a05a-40e3-9a9d-1d15086add50}</UniqueIdentifier>
    </Filter>
    <Filter Include="SPTLib\Windows">
      <UniqueIdentifier>{9a4a9a35-de34-40d0-a01c-057aea6a099d}</UniqueIdentifier>
    </Filter>
    <Filter Include="spt\ipc">
      <UniqueIdentifier>{42f93376-be0b-4934-9764-994217a9d65a}</UniqueIdentifier>
    </Filter>
    <Filter Include="thirdparty">
      <UniqueIdentifier>{20f959c6-2185-4a22-af30-a22417e39297}</UniqueIdentifier>
    </Filter>
    <Filter Include="spt\features">
      <UniqueIdentifier>{e24a2a7d-8667-4610-887c-f14d62c9fbf7}</UniqueIdentifier>
    </Filter>
    <Filter Include="spt\vgui">
      <UniqueIdentifier>{ef90278d-c4de-4d5f-b06f-50c99a1d056f}</UniqueIdentifier>
    </Filter>
    <Filter Include="spt\scripts">
      <UniqueIdentifier>{a46aaf49-b67f-4f3a-8356-9c9c87901911}</UniqueIdentifier>
    </Filter>
    <Filter Include="spt\strafe">
      <UniqueIdentifier>{8da5a507-6984-4ca8-a309-751bae22e3f9}</UniqueIdentifier>
    </Filter>
    <Filter Include="spt\aim">
      <UniqueIdentifier>{dddef7ec-c95f-4baa-9f56-d47554ea2e86}</UniqueIdentifier>
    </Filter>
    <Filter Include="spt\scripts2">
      <UniqueIdentifier>{d03c7a27-824d-4f39-8c99-c22fbd2158e2}</UniqueIdentifier>
    </Filter>
    <Filter Include="spt\features\visualizations">
      <UniqueIdentifier>{b29fe4cd-5c99-40ad-819a-ad01853c0e0e}</UniqueIdentifier>
    </Filter>
    <Filter Include="spt\features\visualizations\renderer">
      <UniqueIdentifier>{84fb8368-d0e8-4d2a-9327-96b181523bfe}</UniqueIdentifier>
    </Filter>
    <Filter Include="thirdparty\curl">
      <UniqueIdentifier>{0cddd3d7-5ca5-4a70-a55f-a23a109c8c61}</UniqueIdentifier>
    </Filter>
    <Filter Include="thirdparty\curl\include">
      <UniqueIdentifier>{b505b822-97b9-49a2-a359-fc1f597d8fc1}</UniqueIdentifier>
    </Filter>
    <Filter Include="thirdparty\curl\include\curl">
      <UniqueIdentifier>{158cf524-86b3-4603-bafe-946db1b9add5}</UniqueIdentifier>
    </Filter>
    <Filter Include="spt\features\visualizations\renderer\internal">
      <UniqueIdentifier>{09923d45-41e4-45c5-ad0e-cbfdea8b9be3}</UniqueIdentifier>
    </Filter>
    <Filter Include="spt\features\game_fixes">
      <UniqueIdentifier>{2252b542-464d-4fe9-b7e5-fae8736791b5}</UniqueIdentifier>
    </Filter>
  </ItemGroup>
  <ItemGroup>
    <Text Include="thirdparty\example.txt">
      <Filter>thirdparty</Filter>
    </Text>
    <Text Include="spt\features\template.cpp.txt">
      <Filter>spt\features</Filter>
    </Text>
  </ItemGroup>
</Project>