<?xml version="1.0" encoding="utf-8"?>
<Project ToolsVersion="4.0" xmlns="http://schemas.microsoft.com/developer/msbuild/2003">
  <ItemGroup>
    <ClCompile Include="spt\detoursutils.cpp">
      <Filter>spt</Filter>
    </ClCompile>
    <ClCompile Include="spt\hooks.cpp">
      <Filter>spt</Filter>
    </ClCompile>
    <ClCompile Include="spt\memutils.cpp">
      <Filter>spt</Filter>
    </ClCompile>
    <ClCompile Include="spt\spt.cpp">
      <Filter>spt</Filter>
    </ClCompile>
  </ItemGroup>
  <ItemGroup>
    <ClInclude Include="..\..\public\tier0\basetypes.h">
      <Filter>SDK includes &amp; libs</Filter>
    </ClInclude>
    <ClInclude Include="..\..\public\Color.h">
      <Filter>SDK includes &amp; libs</Filter>
    </ClInclude>
    <ClInclude Include="..\..\public\tier0\dbg.h">
      <Filter>SDK includes &amp; libs</Filter>
    </ClInclude>
    <ClInclude Include="..\..\public\eiface.h">
      <Filter>SDK includes &amp; libs</Filter>
    </ClInclude>
    <ClInclude Include="..\..\public\filesystem.h">
      <Filter>SDK includes &amp; libs</Filter>
    </ClInclude>
    <ClInclude Include="..\..\public\vstdlib\ICommandLine.h">
      <Filter>SDK includes &amp; libs</Filter>
    </ClInclude>
    <ClInclude Include="..\..\public\igameevents.h">
      <Filter>SDK includes &amp; libs</Filter>
    </ClInclude>
    <ClInclude Include="..\..\public\tier1\interface.h">
      <Filter>SDK includes &amp; libs</Filter>
    </ClInclude>
    <ClInclude Include="..\..\public\game\server\iplayerinfo.h">
      <Filter>SDK includes &amp; libs</Filter>
    </ClInclude>
    <ClInclude Include="..\..\public\engine\iserverplugin.h">
      <Filter>SDK includes &amp; libs</Filter>
    </ClInclude>
    <ClInclude Include="..\..\public\tier1\KeyValues.h">
      <Filter>SDK includes &amp; libs</Filter>
    </ClInclude>
    <ClInclude Include="..\..\public\tier0\mem.h">
      <Filter>SDK includes &amp; libs</Filter>
    </ClInclude>
    <ClInclude Include="..\..\public\tier0\memalloc.h">
      <Filter>SDK includes &amp; libs</Filter>
    </ClInclude>
    <ClInclude Include="..\..\public\tier0\memdbgon.h">
      <Filter>SDK includes &amp; libs</Filter>
    </ClInclude>
    <ClInclude Include="..\..\public\vstdlib\strtools.h">
      <Filter>SDK includes &amp; libs</Filter>
    </ClInclude>
    <ClInclude Include="..\..\public\tier1\utlbuffer.h">
      <Filter>SDK includes &amp; libs</Filter>
    </ClInclude>
    <ClInclude Include="..\..\public\tier1\utlmemory.h">
      <Filter>SDK includes &amp; libs</Filter>
    </ClInclude>
    <ClInclude Include="..\..\public\tier1\utlvector.h">
      <Filter>SDK includes &amp; libs</Filter>
    </ClInclude>
    <ClInclude Include="..\..\public\vstdlib\vstdlib.h">
      <Filter>SDK includes &amp; libs</Filter>
    </ClInclude>
    <ClInclude Include="spt\detoursutils.hpp">
      <Filter>spt</Filter>
    </ClInclude>
    <ClInclude Include="spt\hooks.hpp">
      <Filter>spt</Filter>
    </ClInclude>
    <ClInclude Include="spt\memutils.hpp">
      <Filter>spt</Filter>
    </ClInclude>
    <ClInclude Include="spt\patterns.hpp">
      <Filter>spt</Filter>
    </ClInclude>
    <ClInclude Include="spt\spt.hpp">
      <Filter>spt</Filter>
    </ClInclude>
    <ClInclude Include="utf8conv\utf8conv.hpp">
      <Filter>utf8conv</Filter>
    </ClInclude>
    <ClInclude Include="utf8conv\utf8conv_inl.hpp">
      <Filter>utf8conv</Filter>
    </ClInclude>
  </ItemGroup>
  <ItemGroup>
    <Library Include="..\..\lib\public\mathlib.lib">
      <Filter>SDK includes &amp; libs</Filter>
    </Library>
    <Library Include="..\..\lib\public\tier0.lib">
      <Filter>SDK includes &amp; libs</Filter>
    </Library>
    <Library Include="..\..\lib\public\tier1.lib">
      <Filter>SDK includes &amp; libs</Filter>
    </Library>
    <Library Include="..\..\lib\public\tier2.lib">
      <Filter>SDK includes &amp; libs</Filter>
    </Library>
    <Library Include="..\..\lib\public\vstdlib.lib">
      <Filter>SDK includes &amp; libs</Filter>
    </Library>
  </ItemGroup>
  <ItemGroup>
    <Filter Include="SDK includes &amp; libs">
      <UniqueIdentifier>{eade2e26-4b70-429d-ac6b-01135e887da7}</UniqueIdentifier>
    </Filter>
    <Filter Include="utf8conv">
      <UniqueIdentifier>{13c83f06-d44b-4b4e-a485-17fb6dfe7bf1}</UniqueIdentifier>
    </Filter>
    <Filter Include="spt">
      <UniqueIdentifier>{42277bb4-807d-445f-8dc9-abaf03016da9}</UniqueIdentifier>
    </Filter>
  </ItemGroup>
</Project>